// !$*UTF8*$!
{
	archiveVersion = 1;
	classes = {
	};
	objectVersion = 56;
	objects = {

/* Begin PBXBuildFile section */
		664FB9DB29821D9F00CA2EC6 /* BitmojiViewer.swift in Sources */ = {isa = PBXBuildFile; fileRef = 664FB9DA29821D9F00CA2EC6 /* BitmojiViewer.swift */; };
		6657E8F7297BD70A00A9A9D6 /* Bitmoji_DownloaderApp.swift in Sources */ = {isa = PBXBuildFile; fileRef = 6657E8F6297BD70A00A9A9D6 /* Bitmoji_DownloaderApp.swift */; };
		6657E8F9297BD70A00A9A9D6 /* ContentView.swift in Sources */ = {isa = PBXBuildFile; fileRef = 6657E8F8297BD70A00A9A9D6 /* ContentView.swift */; };
		6657E8FB297BD70B00A9A9D6 /* Assets.xcassets in Resources */ = {isa = PBXBuildFile; fileRef = 6657E8FA297BD70B00A9A9D6 /* Assets.xcassets */; };
		6657E8FE297BD70B00A9A9D6 /* Preview Assets.xcassets in Resources */ = {isa = PBXBuildFile; fileRef = 6657E8FD297BD70B00A9A9D6 /* Preview Assets.xcassets */; };
		6657E909297BD70B00A9A9D6 /* Bitmoji_DownloaderTests.swift in Sources */ = {isa = PBXBuildFile; fileRef = 6657E908297BD70B00A9A9D6 /* Bitmoji_DownloaderTests.swift */; };
		6657E913297BD70B00A9A9D6 /* Bitmoji_DownloaderUITests.swift in Sources */ = {isa = PBXBuildFile; fileRef = 6657E912297BD70B00A9A9D6 /* Bitmoji_DownloaderUITests.swift */; };
		6657E915297BD70B00A9A9D6 /* Bitmoji_DownloaderUITestsLaunchTests.swift in Sources */ = {isa = PBXBuildFile; fileRef = 6657E914297BD70B00A9A9D6 /* Bitmoji_DownloaderUITestsLaunchTests.swift */; };
/* End PBXBuildFile section */

/* Begin PBXContainerItemProxy section */
		6657E905297BD70B00A9A9D6 /* PBXContainerItemProxy */ = {
			isa = PBXContainerItemProxy;
			containerPortal = 6657E8EB297BD70A00A9A9D6 /* Project object */;
			proxyType = 1;
			remoteGlobalIDString = 6657E8F2297BD70A00A9A9D6;
			remoteInfo = "Bitmoji Downloader";
		};
		6657E90F297BD70B00A9A9D6 /* PBXContainerItemProxy */ = {
			isa = PBXContainerItemProxy;
			containerPortal = 6657E8EB297BD70A00A9A9D6 /* Project object */;
			proxyType = 1;
			remoteGlobalIDString = 6657E8F2297BD70A00A9A9D6;
			remoteInfo = "Bitmoji Downloader";
		};
/* End PBXContainerItemProxy section */

/* Begin PBXFileReference section */
		664FB9DA29821D9F00CA2EC6 /* BitmojiViewer.swift */ = {isa = PBXFileReference; lastKnownFileType = sourcecode.swift; path = BitmojiViewer.swift; sourceTree = "<group>"; };
		6657E8F3297BD70A00A9A9D6 /* Bitmoji Downloader.app */ = {isa = PBXFileReference; explicitFileType = wrapper.application; includeInIndex = 0; path = "Bitmoji Downloader.app"; sourceTree = BUILT_PRODUCTS_DIR; };
		6657E8F6297BD70A00A9A9D6 /* Bitmoji_DownloaderApp.swift */ = {isa = PBXFileReference; lastKnownFileType = sourcecode.swift; path = Bitmoji_DownloaderApp.swift; sourceTree = "<group>"; };
		6657E8F8297BD70A00A9A9D6 /* ContentView.swift */ = {isa = PBXFileReference; lastKnownFileType = sourcecode.swift; path = ContentView.swift; sourceTree = "<group>"; };
		6657E8FA297BD70B00A9A9D6 /* Assets.xcassets */ = {isa = PBXFileReference; lastKnownFileType = folder.assetcatalog; path = Assets.xcassets; sourceTree = "<group>"; };
		6657E8FD297BD70B00A9A9D6 /* Preview Assets.xcassets */ = {isa = PBXFileReference; lastKnownFileType = folder.assetcatalog; path = "Preview Assets.xcassets"; sourceTree = "<group>"; };
		6657E8FF297BD70B00A9A9D6 /* Bitmoji_Downloader.entitlements */ = {isa = PBXFileReference; lastKnownFileType = text.plist.entitlements; path = Bitmoji_Downloader.entitlements; sourceTree = "<group>"; };
		6657E904297BD70B00A9A9D6 /* Bitmoji DownloaderTests.xctest */ = {isa = PBXFileReference; explicitFileType = wrapper.cfbundle; includeInIndex = 0; path = "Bitmoji DownloaderTests.xctest"; sourceTree = BUILT_PRODUCTS_DIR; };
		6657E908297BD70B00A9A9D6 /* Bitmoji_DownloaderTests.swift */ = {isa = PBXFileReference; lastKnownFileType = sourcecode.swift; path = Bitmoji_DownloaderTests.swift; sourceTree = "<group>"; };
		6657E90E297BD70B00A9A9D6 /* Bitmoji DownloaderUITests.xctest */ = {isa = PBXFileReference; explicitFileType = wrapper.cfbundle; includeInIndex = 0; path = "Bitmoji DownloaderUITests.xctest"; sourceTree = BUILT_PRODUCTS_DIR; };
		6657E912297BD70B00A9A9D6 /* Bitmoji_DownloaderUITests.swift */ = {isa = PBXFileReference; lastKnownFileType = sourcecode.swift; path = Bitmoji_DownloaderUITests.swift; sourceTree = "<group>"; };
		6657E914297BD70B00A9A9D6 /* Bitmoji_DownloaderUITestsLaunchTests.swift */ = {isa = PBXFileReference; lastKnownFileType = sourcecode.swift; path = Bitmoji_DownloaderUITestsLaunchTests.swift; sourceTree = "<group>"; };
/* End PBXFileReference section */

/* Begin PBXFrameworksBuildPhase section */
		6657E8F0297BD70A00A9A9D6 /* Frameworks */ = {
			isa = PBXFrameworksBuildPhase;
			buildActionMask = 2147483647;
			files = (
			);
			runOnlyForDeploymentPostprocessing = 0;
		};
		6657E901297BD70B00A9A9D6 /* Frameworks */ = {
			isa = PBXFrameworksBuildPhase;
			buildActionMask = 2147483647;
			files = (
			);
			runOnlyForDeploymentPostprocessing = 0;
		};
		6657E90B297BD70B00A9A9D6 /* Frameworks */ = {
			isa = PBXFrameworksBuildPhase;
			buildActionMask = 2147483647;
			files = (
			);
			runOnlyForDeploymentPostprocessing = 0;
		};
/* End PBXFrameworksBuildPhase section */

/* Begin PBXGroup section */
		6657E8EA297BD70A00A9A9D6 = {
			isa = PBXGroup;
			children = (
				6657E8F5297BD70A00A9A9D6 /* Bitmoji Downloader */,
				6657E907297BD70B00A9A9D6 /* Bitmoji DownloaderTests */,
				6657E911297BD70B00A9A9D6 /* Bitmoji DownloaderUITests */,
				6657E8F4297BD70A00A9A9D6 /* Products */,
			);
			sourceTree = "<group>";
		};
		6657E8F4297BD70A00A9A9D6 /* Products */ = {
			isa = PBXGroup;
			children = (
				6657E8F3297BD70A00A9A9D6 /* Bitmoji Downloader.app */,
				6657E904297BD70B00A9A9D6 /* Bitmoji DownloaderTests.xctest */,
				6657E90E297BD70B00A9A9D6 /* Bitmoji DownloaderUITests.xctest */,
			);
			name = Products;
			sourceTree = "<group>";
		};
		6657E8F5297BD70A00A9A9D6 /* Bitmoji Downloader */ = {
			isa = PBXGroup;
			children = (
				6657E8F6297BD70A00A9A9D6 /* Bitmoji_DownloaderApp.swift */,
				6657E8F8297BD70A00A9A9D6 /* ContentView.swift */,
				664FB9DA29821D9F00CA2EC6 /* BitmojiViewer.swift */,
				6657E8FA297BD70B00A9A9D6 /* Assets.xcassets */,
				6657E8FF297BD70B00A9A9D6 /* Bitmoji_Downloader.entitlements */,
				6657E8FC297BD70B00A9A9D6 /* Preview Content */,
			);
			path = "Bitmoji Downloader";
			sourceTree = "<group>";
		};
		6657E8FC297BD70B00A9A9D6 /* Preview Content */ = {
			isa = PBXGroup;
			children = (
				6657E8FD297BD70B00A9A9D6 /* Preview Assets.xcassets */,
			);
			path = "Preview Content";
			sourceTree = "<group>";
		};
		6657E907297BD70B00A9A9D6 /* Bitmoji DownloaderTests */ = {
			isa = PBXGroup;
			children = (
				6657E908297BD70B00A9A9D6 /* Bitmoji_DownloaderTests.swift */,
			);
			path = "Bitmoji DownloaderTests";
			sourceTree = "<group>";
		};
		6657E911297BD70B00A9A9D6 /* Bitmoji DownloaderUITests */ = {
			isa = PBXGroup;
			children = (
				6657E912297BD70B00A9A9D6 /* Bitmoji_DownloaderUITests.swift */,
				6657E914297BD70B00A9A9D6 /* Bitmoji_DownloaderUITestsLaunchTests.swift */,
			);
			path = "Bitmoji DownloaderUITests";
			sourceTree = "<group>";
		};
/* End PBXGroup section */

/* Begin PBXNativeTarget section */
		6657E8F2297BD70A00A9A9D6 /* Bitmoji Downloader */ = {
			isa = PBXNativeTarget;
			buildConfigurationList = 6657E918297BD70B00A9A9D6 /* Build configuration list for PBXNativeTarget "Bitmoji Downloader" */;
			buildPhases = (
				6657E8EF297BD70A00A9A9D6 /* Sources */,
				6657E8F0297BD70A00A9A9D6 /* Frameworks */,
				6657E8F1297BD70A00A9A9D6 /* Resources */,
			);
			buildRules = (
			);
			dependencies = (
			);
			name = "Bitmoji Downloader";
			productName = "Bitmoji Downloader";
			productReference = 6657E8F3297BD70A00A9A9D6 /* Bitmoji Downloader.app */;
			productType = "com.apple.product-type.application";
		};
		6657E903297BD70B00A9A9D6 /* Bitmoji DownloaderTests */ = {
			isa = PBXNativeTarget;
			buildConfigurationList = 6657E91B297BD70B00A9A9D6 /* Build configuration list for PBXNativeTarget "Bitmoji DownloaderTests" */;
			buildPhases = (
				6657E900297BD70B00A9A9D6 /* Sources */,
				6657E901297BD70B00A9A9D6 /* Frameworks */,
				6657E902297BD70B00A9A9D6 /* Resources */,
			);
			buildRules = (
			);
			dependencies = (
				6657E906297BD70B00A9A9D6 /* PBXTargetDependency */,
			);
			name = "Bitmoji DownloaderTests";
			productName = "Bitmoji DownloaderTests";
			productReference = 6657E904297BD70B00A9A9D6 /* Bitmoji DownloaderTests.xctest */;
			productType = "com.apple.product-type.bundle.unit-test";
		};
		6657E90D297BD70B00A9A9D6 /* Bitmoji DownloaderUITests */ = {
			isa = PBXNativeTarget;
			buildConfigurationList = 6657E91E297BD70B00A9A9D6 /* Build configuration list for PBXNativeTarget "Bitmoji DownloaderUITests" */;
			buildPhases = (
				6657E90A297BD70B00A9A9D6 /* Sources */,
				6657E90B297BD70B00A9A9D6 /* Frameworks */,
				6657E90C297BD70B00A9A9D6 /* Resources */,
			);
			buildRules = (
			);
			dependencies = (
				6657E910297BD70B00A9A9D6 /* PBXTargetDependency */,
			);
			name = "Bitmoji DownloaderUITests";
			productName = "Bitmoji DownloaderUITests";
			productReference = 6657E90E297BD70B00A9A9D6 /* Bitmoji DownloaderUITests.xctest */;
			productType = "com.apple.product-type.bundle.ui-testing";
		};
/* End PBXNativeTarget section */

/* Begin PBXProject section */
		6657E8EB297BD70A00A9A9D6 /* Project object */ = {
			isa = PBXProject;
			attributes = {
				BuildIndependentTargetsInParallel = 1;
				LastSwiftUpdateCheck = 1420;
				LastUpgradeCheck = 1420;
				TargetAttributes = {
					6657E8F2297BD70A00A9A9D6 = {
						CreatedOnToolsVersion = 14.2;
					};
					6657E903297BD70B00A9A9D6 = {
						CreatedOnToolsVersion = 14.2;
						TestTargetID = 6657E8F2297BD70A00A9A9D6;
					};
					6657E90D297BD70B00A9A9D6 = {
						CreatedOnToolsVersion = 14.2;
						TestTargetID = 6657E8F2297BD70A00A9A9D6;
					};
				};
			};
			buildConfigurationList = 6657E8EE297BD70A00A9A9D6 /* Build configuration list for PBXProject "Bitmoji Downloader" */;
			compatibilityVersion = "Xcode 14.0";
			developmentRegion = en;
			hasScannedForEncodings = 0;
			knownRegions = (
				en,
				Base,
			);
			mainGroup = 6657E8EA297BD70A00A9A9D6;
			productRefGroup = 6657E8F4297BD70A00A9A9D6 /* Products */;
			projectDirPath = "";
			projectRoot = "";
			targets = (
				6657E8F2297BD70A00A9A9D6 /* Bitmoji Downloader */,
				6657E903297BD70B00A9A9D6 /* Bitmoji DownloaderTests */,
				6657E90D297BD70B00A9A9D6 /* Bitmoji DownloaderUITests */,
			);
		};
/* End PBXProject section */

/* Begin PBXResourcesBuildPhase section */
		6657E8F1297BD70A00A9A9D6 /* Resources */ = {
			isa = PBXResourcesBuildPhase;
			buildActionMask = 2147483647;
			files = (
				6657E8FE297BD70B00A9A9D6 /* Preview Assets.xcassets in Resources */,
				6657E8FB297BD70B00A9A9D6 /* Assets.xcassets in Resources */,
			);
			runOnlyForDeploymentPostprocessing = 0;
		};
		6657E902297BD70B00A9A9D6 /* Resources */ = {
			isa = PBXResourcesBuildPhase;
			buildActionMask = 2147483647;
			files = (
			);
			runOnlyForDeploymentPostprocessing = 0;
		};
		6657E90C297BD70B00A9A9D6 /* Resources */ = {
			isa = PBXResourcesBuildPhase;
			buildActionMask = 2147483647;
			files = (
			);
			runOnlyForDeploymentPostprocessing = 0;
		};
/* End PBXResourcesBuildPhase section */

/* Begin PBXSourcesBuildPhase section */
		6657E8EF297BD70A00A9A9D6 /* Sources */ = {
			isa = PBXSourcesBuildPhase;
			buildActionMask = 2147483647;
			files = (
				6657E8F9297BD70A00A9A9D6 /* ContentView.swift in Sources */,
				6657E8F7297BD70A00A9A9D6 /* Bitmoji_DownloaderApp.swift in Sources */,
				664FB9DB29821D9F00CA2EC6 /* BitmojiViewer.swift in Sources */,
			);
			runOnlyForDeploymentPostprocessing = 0;
		};
		6657E900297BD70B00A9A9D6 /* Sources */ = {
			isa = PBXSourcesBuildPhase;
			buildActionMask = 2147483647;
			files = (
				6657E909297BD70B00A9A9D6 /* Bitmoji_DownloaderTests.swift in Sources */,
			);
			runOnlyForDeploymentPostprocessing = 0;
		};
		6657E90A297BD70B00A9A9D6 /* Sources */ = {
			isa = PBXSourcesBuildPhase;
			buildActionMask = 2147483647;
			files = (
				6657E915297BD70B00A9A9D6 /* Bitmoji_DownloaderUITestsLaunchTests.swift in Sources */,
				6657E913297BD70B00A9A9D6 /* Bitmoji_DownloaderUITests.swift in Sources */,
			);
			runOnlyForDeploymentPostprocessing = 0;
		};
/* End PBXSourcesBuildPhase section */

/* Begin PBXTargetDependency section */
		6657E906297BD70B00A9A9D6 /* PBXTargetDependency */ = {
			isa = PBXTargetDependency;
			target = 6657E8F2297BD70A00A9A9D6 /* Bitmoji Downloader */;
			targetProxy = 6657E905297BD70B00A9A9D6 /* PBXContainerItemProxy */;
		};
		6657E910297BD70B00A9A9D6 /* PBXTargetDependency */ = {
			isa = PBXTargetDependency;
			target = 6657E8F2297BD70A00A9A9D6 /* Bitmoji Downloader */;
			targetProxy = 6657E90F297BD70B00A9A9D6 /* PBXContainerItemProxy */;
		};
/* End PBXTargetDependency section */

/* Begin XCBuildConfiguration section */
		6657E916297BD70B00A9A9D6 /* Debug */ = {
			isa = XCBuildConfiguration;
			buildSettings = {
				ALWAYS_SEARCH_USER_PATHS = NO;
				CLANG_ANALYZER_NONNULL = YES;
				CLANG_ANALYZER_NUMBER_OBJECT_CONVERSION = YES_AGGRESSIVE;
				CLANG_CXX_LANGUAGE_STANDARD = "gnu++20";
				CLANG_ENABLE_MODULES = YES;
				CLANG_ENABLE_OBJC_ARC = YES;
				CLANG_ENABLE_OBJC_WEAK = YES;
				CLANG_WARN_BLOCK_CAPTURE_AUTORELEASING = YES;
				CLANG_WARN_BOOL_CONVERSION = YES;
				CLANG_WARN_COMMA = YES;
				CLANG_WARN_CONSTANT_CONVERSION = YES;
				CLANG_WARN_DEPRECATED_OBJC_IMPLEMENTATIONS = YES;
				CLANG_WARN_DIRECT_OBJC_ISA_USAGE = YES_ERROR;
				CLANG_WARN_DOCUMENTATION_COMMENTS = YES;
				CLANG_WARN_EMPTY_BODY = YES;
				CLANG_WARN_ENUM_CONVERSION = YES;
				CLANG_WARN_INFINITE_RECURSION = YES;
				CLANG_WARN_INT_CONVERSION = YES;
				CLANG_WARN_NON_LITERAL_NULL_CONVERSION = YES;
				CLANG_WARN_OBJC_IMPLICIT_RETAIN_SELF = YES;
				CLANG_WARN_OBJC_LITERAL_CONVERSION = YES;
				CLANG_WARN_OBJC_ROOT_CLASS = YES_ERROR;
				CLANG_WARN_QUOTED_INCLUDE_IN_FRAMEWORK_HEADER = YES;
				CLANG_WARN_RANGE_LOOP_ANALYSIS = YES;
				CLANG_WARN_STRICT_PROTOTYPES = YES;
				CLANG_WARN_SUSPICIOUS_MOVE = YES;
				CLANG_WARN_UNGUARDED_AVAILABILITY = YES_AGGRESSIVE;
				CLANG_WARN_UNREACHABLE_CODE = YES;
				CLANG_WARN__DUPLICATE_METHOD_MATCH = YES;
				COPY_PHASE_STRIP = NO;
				DEBUG_INFORMATION_FORMAT = dwarf;
				ENABLE_STRICT_OBJC_MSGSEND = YES;
				ENABLE_TESTABILITY = YES;
				GCC_C_LANGUAGE_STANDARD = gnu11;
				GCC_DYNAMIC_NO_PIC = NO;
				GCC_NO_COMMON_BLOCKS = YES;
				GCC_OPTIMIZATION_LEVEL = 0;
				GCC_PREPROCESSOR_DEFINITIONS = (
					"DEBUG=1",
					"$(inherited)",
				);
				GCC_WARN_64_TO_32_BIT_CONVERSION = YES;
				GCC_WARN_ABOUT_RETURN_TYPE = YES_ERROR;
				GCC_WARN_UNDECLARED_SELECTOR = YES;
				GCC_WARN_UNINITIALIZED_AUTOS = YES_AGGRESSIVE;
				GCC_WARN_UNUSED_FUNCTION = YES;
				GCC_WARN_UNUSED_VARIABLE = YES;
				MACOSX_DEPLOYMENT_TARGET = 13.1;
				MTL_ENABLE_DEBUG_INFO = INCLUDE_SOURCE;
				MTL_FAST_MATH = YES;
				ONLY_ACTIVE_ARCH = YES;
				SDKROOT = macosx;
				SWIFT_ACTIVE_COMPILATION_CONDITIONS = DEBUG;
				SWIFT_OPTIMIZATION_LEVEL = "-Onone";
			};
			name = Debug;
		};
		6657E917297BD70B00A9A9D6 /* Release */ = {
			isa = XCBuildConfiguration;
			buildSettings = {
				ALWAYS_SEARCH_USER_PATHS = NO;
				CLANG_ANALYZER_NONNULL = YES;
				CLANG_ANALYZER_NUMBER_OBJECT_CONVERSION = YES_AGGRESSIVE;
				CLANG_CXX_LANGUAGE_STANDARD = "gnu++20";
				CLANG_ENABLE_MODULES = YES;
				CLANG_ENABLE_OBJC_ARC = YES;
				CLANG_ENABLE_OBJC_WEAK = YES;
				CLANG_WARN_BLOCK_CAPTURE_AUTORELEASING = YES;
				CLANG_WARN_BOOL_CONVERSION = YES;
				CLANG_WARN_COMMA = YES;
				CLANG_WARN_CONSTANT_CONVERSION = YES;
				CLANG_WARN_DEPRECATED_OBJC_IMPLEMENTATIONS = YES;
				CLANG_WARN_DIRECT_OBJC_ISA_USAGE = YES_ERROR;
				CLANG_WARN_DOCUMENTATION_COMMENTS = YES;
				CLANG_WARN_EMPTY_BODY = YES;
				CLANG_WARN_ENUM_CONVERSION = YES;
				CLANG_WARN_INFINITE_RECURSION = YES;
				CLANG_WARN_INT_CONVERSION = YES;
				CLANG_WARN_NON_LITERAL_NULL_CONVERSION = YES;
				CLANG_WARN_OBJC_IMPLICIT_RETAIN_SELF = YES;
				CLANG_WARN_OBJC_LITERAL_CONVERSION = YES;
				CLANG_WARN_OBJC_ROOT_CLASS = YES_ERROR;
				CLANG_WARN_QUOTED_INCLUDE_IN_FRAMEWORK_HEADER = YES;
				CLANG_WARN_RANGE_LOOP_ANALYSIS = YES;
				CLANG_WARN_STRICT_PROTOTYPES = YES;
				CLANG_WARN_SUSPICIOUS_MOVE = YES;
				CLANG_WARN_UNGUARDED_AVAILABILITY = YES_AGGRESSIVE;
				CLANG_WARN_UNREACHABLE_CODE = YES;
				CLANG_WARN__DUPLICATE_METHOD_MATCH = YES;
				COPY_PHASE_STRIP = NO;
				DEBUG_INFORMATION_FORMAT = "dwarf-with-dsym";
				ENABLE_NS_ASSERTIONS = NO;
				ENABLE_STRICT_OBJC_MSGSEND = YES;
				GCC_C_LANGUAGE_STANDARD = gnu11;
				GCC_NO_COMMON_BLOCKS = YES;
				GCC_WARN_64_TO_32_BIT_CONVERSION = YES;
				GCC_WARN_ABOUT_RETURN_TYPE = YES_ERROR;
				GCC_WARN_UNDECLARED_SELECTOR = YES;
				GCC_WARN_UNINITIALIZED_AUTOS = YES_AGGRESSIVE;
				GCC_WARN_UNUSED_FUNCTION = YES;
				GCC_WARN_UNUSED_VARIABLE = YES;
				MACOSX_DEPLOYMENT_TARGET = 13.1;
				MTL_ENABLE_DEBUG_INFO = NO;
				MTL_FAST_MATH = YES;
				SDKROOT = macosx;
				SWIFT_COMPILATION_MODE = wholemodule;
				SWIFT_OPTIMIZATION_LEVEL = "-O";
			};
			name = Release;
		};
		6657E919297BD70B00A9A9D6 /* Debug */ = {
			isa = XCBuildConfiguration;
			buildSettings = {
				ASSETCATALOG_COMPILER_APPICON_NAME = AppIcon;
				ASSETCATALOG_COMPILER_GLOBAL_ACCENT_COLOR_NAME = AccentColor;
				ASSETCATALOG_COMPILER_INCLUDE_ALL_APPICON_ASSETS = NO;
				CODE_SIGN_ENTITLEMENTS = "Bitmoji Downloader/Bitmoji_Downloader.entitlements";
				CODE_SIGN_STYLE = Automatic;
				COMBINE_HIDPI_IMAGES = YES;
				CURRENT_PROJECT_VERSION = 1;
				DEVELOPMENT_ASSET_PATHS = "\"Bitmoji Downloader/Preview Content\"";
				DEVELOPMENT_TEAM = 52JMW2697M;
				ENABLE_HARDENED_RUNTIME = YES;
				ENABLE_PREVIEWS = YES;
				GENERATE_INFOPLIST_FILE = YES;
				INFOPLIST_KEY_NSHumanReadableCopyright = "";
				LD_RUNPATH_SEARCH_PATHS = (
					"$(inherited)",
					"@executable_path/../Frameworks",
				);
				MARKETING_VERSION = 1.0;
				PRODUCT_BUNDLE_IDENTIFIER = "me.yuhao.Bitmoji-Downloader";
				PRODUCT_NAME = "$(TARGET_NAME)";
				SWIFT_EMIT_LOC_STRINGS = YES;
				SWIFT_VERSION = 5.0;
			};
			name = Debug;
		};
		6657E91A297BD70B00A9A9D6 /* Release */ = {
			isa = XCBuildConfiguration;
			buildSettings = {
				ASSETCATALOG_COMPILER_APPICON_NAME = AppIcon;
				ASSETCATALOG_COMPILER_GLOBAL_ACCENT_COLOR_NAME = AccentColor;
				ASSETCATALOG_COMPILER_INCLUDE_ALL_APPICON_ASSETS = NO;
				CODE_SIGN_ENTITLEMENTS = "Bitmoji Downloader/Bitmoji_Downloader.entitlements";
				CODE_SIGN_STYLE = Automatic;
				COMBINE_HIDPI_IMAGES = YES;
				CURRENT_PROJECT_VERSION = 1;
				DEVELOPMENT_ASSET_PATHS = "\"Bitmoji Downloader/Preview Content\"";
				DEVELOPMENT_TEAM = 52JMW2697M;
				ENABLE_HARDENED_RUNTIME = YES;
				ENABLE_PREVIEWS = YES;
				GENERATE_INFOPLIST_FILE = YES;
				INFOPLIST_KEY_NSHumanReadableCopyright = "";
				LD_RUNPATH_SEARCH_PATHS = (
					"$(inherited)",
					"@executable_path/../Frameworks",
				);
				MARKETING_VERSION = 1.0;
				PRODUCT_BUNDLE_IDENTIFIER = "me.yuhao.Bitmoji-Downloader";
				PRODUCT_NAME = "$(TARGET_NAME)";
				SWIFT_EMIT_LOC_STRINGS = YES;
				SWIFT_VERSION = 5.0;
			};
			name = Release;
		};
		6657E91C297BD70B00A9A9D6 /* Debug */ = {
			isa = XCBuildConfiguration;
			buildSettings = {
				ALWAYS_EMBED_SWIFT_STANDARD_LIBRARIES = YES;
				BUNDLE_LOADER = "$(TEST_HOST)";
				CODE_SIGN_STYLE = Automatic;
				CURRENT_PROJECT_VERSION = 1;
				DEVELOPMENT_TEAM = 52JMW2697M;
				GENERATE_INFOPLIST_FILE = YES;
				MACOSX_DEPLOYMENT_TARGET = 13.1;
				MARKETING_VERSION = 1.0;
				PRODUCT_BUNDLE_IDENTIFIER = "me.yuhao.Bitmoji-DownloaderTests";
				PRODUCT_NAME = "$(TARGET_NAME)";
				SWIFT_EMIT_LOC_STRINGS = NO;
				SWIFT_VERSION = 5.0;
				TEST_HOST = "$(BUILT_PRODUCTS_DIR)/Bitmoji Downloader.app/$(BUNDLE_EXECUTABLE_FOLDER_PATH)/Bitmoji Downloader";
			};
			name = Debug;
		};
		6657E91D297BD70B00A9A9D6 /* Release */ = {
			isa = XCBuildConfiguration;
			buildSettings = {
				ALWAYS_EMBED_SWIFT_STANDARD_LIBRARIES = YES;
				BUNDLE_LOADER = "$(TEST_HOST)";
				CODE_SIGN_STYLE = Automatic;
				CURRENT_PROJECT_VERSION = 1;
				DEVELOPMENT_TEAM = 52JMW2697M;
				GENERATE_INFOPLIST_FILE = YES;
				MACOSX_DEPLOYMENT_TARGET = 13.1;
				MARKETING_VERSION = 1.0;
				PRODUCT_BUNDLE_IDENTIFIER = "me.yuhao.Bitmoji-DownloaderTests";
				PRODUCT_NAME = "$(TARGET_NAME)";
				SWIFT_EMIT_LOC_STRINGS = NO;
				SWIFT_VERSION = 5.0;
				TEST_HOST = "$(BUILT_PRODUCTS_DIR)/Bitmoji Downloader.app/$(BUNDLE_EXECUTABLE_FOLDER_PATH)/Bitmoji Downloader";
			};
			name = Release;
		};
		6657E91F297BD70B00A9A9D6 /* Debug */ = {
			isa = XCBuildConfiguration;
			buildSettings = {
				ALWAYS_EMBED_SWIFT_STANDARD_LIBRARIES = YES;
				CODE_SIGN_STYLE = Automatic;
				CURRENT_PROJECT_VERSION = 1;
				DEVELOPMENT_TEAM = 52JMW2697M;
				GENERATE_INFOPLIST_FILE = YES;
				MARKETING_VERSION = 1.0;
				PRODUCT_BUNDLE_IDENTIFIER = "me.yuhao.Bitmoji-DownloaderUITests";
				PRODUCT_NAME = "$(TARGET_NAME)";
				SWIFT_EMIT_LOC_STRINGS = NO;
				SWIFT_VERSION = 5.0;
				TEST_TARGET_NAME = "Bitmoji Downloader";
			};
			name = Debug;
		};
		6657E920297BD70B00A9A9D6 /* Release */ = {
			isa = XCBuildConfiguration;
			buildSettings = {
				ALWAYS_EMBED_SWIFT_STANDARD_LIBRARIES = YES;
				CODE_SIGN_STYLE = Automatic;
				CURRENT_PROJECT_VERSION = 1;
				DEVELOPMENT_TEAM = 52JMW2697M;
				GENERATE_INFOPLIST_FILE = YES;
				MARKETING_VERSION = 1.0;
				PRODUCT_BUNDLE_IDENTIFIER = "me.yuhao.Bitmoji-DownloaderUITests";
				PRODUCT_NAME = "$(TARGET_NAME)";
				SWIFT_EMIT_LOC_STRINGS = NO;
				SWIFT_VERSION = 5.0;
				TEST_TARGET_NAME = "Bitmoji Downloader";
			};
			name = Release;
		};
/* End XCBuildConfiguration section */

/* Begin XCConfigurationList section */
		6657E8EE297BD70A00A9A9D6 /* Build configuration list for PBXProject "Bitmoji Downloader" */ = {
			isa = XCConfigurationList;
			buildConfigurations = (
				6657E916297BD70B00A9A9D6 /* Debug */,
				6657E917297BD70B00A9A9D6 /* Release */,
			);
			defaultConfigurationIsVisible = 0;
			defaultConfigurationName = Release;
		};
		6657E918297BD70B00A9A9D6 /* Build configuration list for PBXNativeTarget "Bitmoji Downloader" */ = {
			isa = XCConfigurationList;
			buildConfigurations = (
				6657E919297BD70B00A9A9D6 /* Debug */,
				6657E91A297BD70B00A9A9D6 /* Release */,
			);
			defaultConfigurationIsVisible = 0;
			defaultConfigurationName = Release;
		};
		6657E91B297BD70B00A9A9D6 /* Build configuration list for PBXNativeTarget "Bitmoji DownloaderTests" */ = {
			isa = XCConfigurationList;
			buildConfigurations = (
				6657E91C297BD70B00A9A9D6 /* Debug */,
				6657E91D297BD70B00A9A9D6 /* Release */,
			);
			defaultConfigurationIsVisible = 0;
			defaultConfigurationName = Release;
		};
		6657E91E297BD70B00A9A9D6 /* Build configuration list for PBXNativeTarget "Bitmoji DownloaderUITests" */ = {
			isa = XCConfigurationList;
			buildConfigurations = (
				6657E91F297BD70B00A9A9D6 /* Debug */,
				6657E920297BD70B00A9A9D6 /* Release */,
			);
			defaultConfigurationIsVisible = 0;
			defaultConfigurationName = Release;
		};
/* End XCConfigurationList section */
	};
	rootObject = 6657E8EB297BD70A00A9A9D6 /* Project object */;
}
